// !$*UTF8*$!
{
	archiveVersion = 1;
	classes = {
	};
	objectVersion = 55;
	objects = {

/* Begin PBXBuildFile section */
		9F3A622B2792F3BC00BA702F /* LoginScreenView.swift in Sources */ = {isa = PBXBuildFile; fileRef = 9F3A622A2792F3BC00BA702F /* LoginScreenView.swift */; };
		9F3A622D2792F8BF00BA702F /* SessionDetails.swift in Sources */ = {isa = PBXBuildFile; fileRef = 9F3A622C2792F8BF00BA702F /* SessionDetails.swift */; };
		9F3A62302792F9F300BA702F /* ScreensEnum.swift in Sources */ = {isa = PBXBuildFile; fileRef = 9F3A622F2792F9F300BA702F /* ScreensEnum.swift */; };
		9F3A62322792FD1700BA702F /* HomeView.swift in Sources */ = {isa = PBXBuildFile; fileRef = 9F3A62312792FD1700BA702F /* HomeView.swift */; };
		9FB2BC932791D05D00125959 /* EmpresasApp.swift in Sources */ = {isa = PBXBuildFile; fileRef = 9FB2BC922791D05D00125959 /* EmpresasApp.swift */; };
		9FB2BC972791D07B00125959 /* Assets.xcassets in Resources */ = {isa = PBXBuildFile; fileRef = 9FB2BC962791D07B00125959 /* Assets.xcassets */; };
		9FB2BC9A2791D07B00125959 /* Preview Assets.xcassets in Resources */ = {isa = PBXBuildFile; fileRef = 9FB2BC992791D07B00125959 /* Preview Assets.xcassets */; };
		9FB2BCA42791D07D00125959 /* EmpresasTests.swift in Sources */ = {isa = PBXBuildFile; fileRef = 9FB2BCA32791D07D00125959 /* EmpresasTests.swift */; };
		9FB2BCAE2791D07D00125959 /* EmpresasUITests.swift in Sources */ = {isa = PBXBuildFile; fileRef = 9FB2BCAD2791D07D00125959 /* EmpresasUITests.swift */; };
		9FB2BCB02791D07D00125959 /* EmpresasUITestsLaunchTests.swift in Sources */ = {isa = PBXBuildFile; fileRef = 9FB2BCAF2791D07D00125959 /* EmpresasUITestsLaunchTests.swift */; };
		9FB2BCBD2792018800125959 /* Colors.xcassets in Resources */ = {isa = PBXBuildFile; fileRef = 9FB2BCBC2792018800125959 /* Colors.xcassets */; };
		9FB2BCC52792213400125959 /* SplashScreenBackground.swift in Sources */ = {isa = PBXBuildFile; fileRef = 9FB2BCC42792213400125959 /* SplashScreenBackground.swift */; };
		9FB2BCC72792220200125959 /* LoginTitleAndLogo.swift in Sources */ = {isa = PBXBuildFile; fileRef = 9FB2BCC62792220200125959 /* LoginTitleAndLogo.swift */; };
		9FB2BCCA2792235E00125959 /* EmailAndPasswordCard.swift in Sources */ = {isa = PBXBuildFile; fileRef = 9FB2BCC92792235E00125959 /* EmailAndPasswordCard.swift */; };
		9FB2BCCC2792244000125959 /* LoginTextField.swift in Sources */ = {isa = PBXBuildFile; fileRef = 9FB2BCCB2792244000125959 /* LoginTextField.swift */; };
		9FB2BCCF279230C800125959 /* LoginScreenViewModel.swift in Sources */ = {isa = PBXBuildFile; fileRef = 9FB2BCCE279230C800125959 /* LoginScreenViewModel.swift */; };
		9FB2BCD12792326700125959 /* EmailAndPasswordViewModel.swift in Sources */ = {isa = PBXBuildFile; fileRef = 9FB2BCD02792326700125959 /* EmailAndPasswordViewModel.swift */; };
		9FB2BCD3279232ED00125959 /* LoginButton.swift in Sources */ = {isa = PBXBuildFile; fileRef = 9FB2BCD2279232ED00125959 /* LoginButton.swift */; };
		9FB2BCD6279238F500125959 /* LoginInfo.swift in Sources */ = {isa = PBXBuildFile; fileRef = 9FB2BCD5279238F500125959 /* LoginInfo.swift */; };
		9FB2BCD8279239D800125959 /* LoginSession.swift in Sources */ = {isa = PBXBuildFile; fileRef = 9FB2BCD7279239D800125959 /* LoginSession.swift */; };
/* End PBXBuildFile section */

/* Begin PBXContainerItemProxy section */
		9FB2BCA02791D07D00125959 /* PBXContainerItemProxy */ = {
			isa = PBXContainerItemProxy;
			containerPortal = 9FB2BC872791D05D00125959 /* Project object */;
			proxyType = 1;
			remoteGlobalIDString = 9FB2BC8E2791D05D00125959;
			remoteInfo = Empresas;
		};
		9FB2BCAA2791D07D00125959 /* PBXContainerItemProxy */ = {
			isa = PBXContainerItemProxy;
			containerPortal = 9FB2BC872791D05D00125959 /* Project object */;
			proxyType = 1;
			remoteGlobalIDString = 9FB2BC8E2791D05D00125959;
			remoteInfo = Empresas;
		};
/* End PBXContainerItemProxy section */

/* Begin PBXFileReference section */
		9F3A622A2792F3BC00BA702F /* LoginScreenView.swift */ = {isa = PBXFileReference; lastKnownFileType = sourcecode.swift; path = LoginScreenView.swift; sourceTree = "<group>"; };
		9F3A622C2792F8BF00BA702F /* SessionDetails.swift */ = {isa = PBXFileReference; lastKnownFileType = sourcecode.swift; path = SessionDetails.swift; sourceTree = "<group>"; };
		9F3A622F2792F9F300BA702F /* ScreensEnum.swift */ = {isa = PBXFileReference; lastKnownFileType = sourcecode.swift; path = ScreensEnum.swift; sourceTree = "<group>"; };
		9F3A62312792FD1700BA702F /* HomeView.swift */ = {isa = PBXFileReference; lastKnownFileType = sourcecode.swift; path = HomeView.swift; sourceTree = "<group>"; };
		9FB2BC8F2791D05D00125959 /* Empresas.app */ = {isa = PBXFileReference; explicitFileType = wrapper.application; includeInIndex = 0; path = Empresas.app; sourceTree = BUILT_PRODUCTS_DIR; };
		9FB2BC922791D05D00125959 /* EmpresasApp.swift */ = {isa = PBXFileReference; lastKnownFileType = sourcecode.swift; path = EmpresasApp.swift; sourceTree = "<group>"; };
		9FB2BC962791D07B00125959 /* Assets.xcassets */ = {isa = PBXFileReference; lastKnownFileType = folder.assetcatalog; path = Assets.xcassets; sourceTree = "<group>"; };
		9FB2BC992791D07B00125959 /* Preview Assets.xcassets */ = {isa = PBXFileReference; lastKnownFileType = folder.assetcatalog; path = "Preview Assets.xcassets"; sourceTree = "<group>"; };
		9FB2BC9F2791D07D00125959 /* EmpresasTests.xctest */ = {isa = PBXFileReference; explicitFileType = wrapper.cfbundle; includeInIndex = 0; path = EmpresasTests.xctest; sourceTree = BUILT_PRODUCTS_DIR; };
		9FB2BCA32791D07D00125959 /* EmpresasTests.swift */ = {isa = PBXFileReference; lastKnownFileType = sourcecode.swift; path = EmpresasTests.swift; sourceTree = "<group>"; };
		9FB2BCA92791D07D00125959 /* EmpresasUITests.xctest */ = {isa = PBXFileReference; explicitFileType = wrapper.cfbundle; includeInIndex = 0; path = EmpresasUITests.xctest; sourceTree = BUILT_PRODUCTS_DIR; };
		9FB2BCAD2791D07D00125959 /* EmpresasUITests.swift */ = {isa = PBXFileReference; lastKnownFileType = sourcecode.swift; path = EmpresasUITests.swift; sourceTree = "<group>"; };
		9FB2BCAF2791D07D00125959 /* EmpresasUITestsLaunchTests.swift */ = {isa = PBXFileReference; lastKnownFileType = sourcecode.swift; path = EmpresasUITestsLaunchTests.swift; sourceTree = "<group>"; };
		9FB2BCBC2792018800125959 /* Colors.xcassets */ = {isa = PBXFileReference; lastKnownFileType = folder.assetcatalog; path = Colors.xcassets; sourceTree = "<group>"; };
		9FB2BCC42792213400125959 /* SplashScreenBackground.swift */ = {isa = PBXFileReference; lastKnownFileType = sourcecode.swift; path = SplashScreenBackground.swift; sourceTree = "<group>"; };
		9FB2BCC62792220200125959 /* LoginTitleAndLogo.swift */ = {isa = PBXFileReference; lastKnownFileType = sourcecode.swift; path = LoginTitleAndLogo.swift; sourceTree = "<group>"; };
		9FB2BCC92792235E00125959 /* EmailAndPasswordCard.swift */ = {isa = PBXFileReference; lastKnownFileType = sourcecode.swift; path = EmailAndPasswordCard.swift; sourceTree = "<group>"; };
		9FB2BCCB2792244000125959 /* LoginTextField.swift */ = {isa = PBXFileReference; lastKnownFileType = sourcecode.swift; path = LoginTextField.swift; sourceTree = "<group>"; };
		9FB2BCCE279230C800125959 /* LoginScreenViewModel.swift */ = {isa = PBXFileReference; lastKnownFileType = sourcecode.swift; path = LoginScreenViewModel.swift; sourceTree = "<group>"; };
		9FB2BCD02792326700125959 /* EmailAndPasswordViewModel.swift */ = {isa = PBXFileReference; lastKnownFileType = sourcecode.swift; path = EmailAndPasswordViewModel.swift; sourceTree = "<group>"; };
		9FB2BCD2279232ED00125959 /* LoginButton.swift */ = {isa = PBXFileReference; lastKnownFileType = sourcecode.swift; path = LoginButton.swift; sourceTree = "<group>"; };
		9FB2BCD5279238F500125959 /* LoginInfo.swift */ = {isa = PBXFileReference; lastKnownFileType = sourcecode.swift; path = LoginInfo.swift; sourceTree = "<group>"; };
		9FB2BCD7279239D800125959 /* LoginSession.swift */ = {isa = PBXFileReference; lastKnownFileType = sourcecode.swift; path = LoginSession.swift; sourceTree = "<group>"; };
/* End PBXFileReference section */

/* Begin PBXFrameworksBuildPhase section */
		9FB2BC8C2791D05D00125959 /* Frameworks */ = {
			isa = PBXFrameworksBuildPhase;
			buildActionMask = 2147483647;
			files = (
			);
			runOnlyForDeploymentPostprocessing = 0;
		};
		9FB2BC9C2791D07D00125959 /* Frameworks */ = {
			isa = PBXFrameworksBuildPhase;
			buildActionMask = 2147483647;
			files = (
			);
			runOnlyForDeploymentPostprocessing = 0;
		};
		9FB2BCA62791D07D00125959 /* Frameworks */ = {
			isa = PBXFrameworksBuildPhase;
			buildActionMask = 2147483647;
			files = (
			);
			runOnlyForDeploymentPostprocessing = 0;
		};
/* End PBXFrameworksBuildPhase section */

/* Begin PBXGroup section */
		9FB2BC862791D05D00125959 = {
			isa = PBXGroup;
			children = (
				9FB2BC912791D05D00125959 /* Empresas */,
				9FB2BCA22791D07D00125959 /* EmpresasTests */,
				9FB2BCAC2791D07D00125959 /* EmpresasUITests */,
				9FB2BC902791D05D00125959 /* Products */,
			);
			sourceTree = "<group>";
		};
		9FB2BC902791D05D00125959 /* Products */ = {
			isa = PBXGroup;
			children = (
				9FB2BC8F2791D05D00125959 /* Empresas.app */,
				9FB2BC9F2791D07D00125959 /* EmpresasTests.xctest */,
				9FB2BCA92791D07D00125959 /* EmpresasUITests.xctest */,
			);
			name = Products;
			sourceTree = "<group>";
		};
		9FB2BC912791D05D00125959 /* Empresas */ = {
			isa = PBXGroup;
			children = (
				9FB2BCD4279238E000125959 /* Models */,
				9FB2BCCD2792308C00125959 /* ViewModels */,
				9FB2BCC1279220CC00125959 /* ViewComponents */,
				9FB2BCC02792206F00125959 /* Views */,
				9FB2BC922791D05D00125959 /* EmpresasApp.swift */,
				9FB2BC962791D07B00125959 /* Assets.xcassets */,
				9FB2BCBC2792018800125959 /* Colors.xcassets */,
				9FB2BC982791D07B00125959 /* Preview Content */,
			);
			path = Empresas;
			sourceTree = "<group>";
		};
		9FB2BC982791D07B00125959 /* Preview Content */ = {
			isa = PBXGroup;
			children = (
				9FB2BC992791D07B00125959 /* Preview Assets.xcassets */,
			);
			path = "Preview Content";
			sourceTree = "<group>";
		};
		9FB2BCA22791D07D00125959 /* EmpresasTests */ = {
			isa = PBXGroup;
			children = (
				9FB2BCA32791D07D00125959 /* EmpresasTests.swift */,
			);
			path = EmpresasTests;
			sourceTree = "<group>";
		};
		9FB2BCAC2791D07D00125959 /* EmpresasUITests */ = {
			isa = PBXGroup;
			children = (
				9FB2BCAD2791D07D00125959 /* EmpresasUITests.swift */,
				9FB2BCAF2791D07D00125959 /* EmpresasUITestsLaunchTests.swift */,
			);
			path = EmpresasUITests;
			sourceTree = "<group>";
		};
		9FB2BCC02792206F00125959 /* Views */ = {
			isa = PBXGroup;
			children = (
				9F3A622A2792F3BC00BA702F /* LoginScreenView.swift */,
				9F3A62312792FD1700BA702F /* HomeView.swift */,
			);
			path = Views;
			sourceTree = "<group>";
		};
		9FB2BCC1279220CC00125959 /* ViewComponents */ = {
			isa = PBXGroup;
			children = (
				9FB2BCC82792229800125959 /* LoginCardComponents */,
				9FB2BCC42792213400125959 /* SplashScreenBackground.swift */,
			);
			path = ViewComponents;
			sourceTree = "<group>";
		};
		9FB2BCC82792229800125959 /* LoginCardComponents */ = {
			isa = PBXGroup;
			children = (
				9FB2BCC62792220200125959 /* LoginTitleAndLogo.swift */,
				9FB2BCC92792235E00125959 /* EmailAndPasswordCard.swift */,
				9FB2BCCB2792244000125959 /* LoginTextField.swift */,
				9FB2BCD2279232ED00125959 /* LoginButton.swift */,
			);
			path = LoginCardComponents;
			sourceTree = "<group>";
		};
		9FB2BCCD2792308C00125959 /* ViewModels */ = {
			isa = PBXGroup;
			children = (
				9FB2BCCE279230C800125959 /* LoginScreenViewModel.swift */,
				9FB2BCD02792326700125959 /* EmailAndPasswordViewModel.swift */,
				9F3A622C2792F8BF00BA702F /* SessionDetails.swift */,
			);
			path = ViewModels;
			sourceTree = "<group>";
		};
		9FB2BCD4279238E000125959 /* Models */ = {
			isa = PBXGroup;
			children = (
				9FB2BCD5279238F500125959 /* LoginInfo.swift */,
				9FB2BCD7279239D800125959 /* LoginSession.swift */,
				9F3A622F2792F9F300BA702F /* ScreensEnum.swift */,
			);
			path = Models;
			sourceTree = "<group>";
		};
/* End PBXGroup section */

/* Begin PBXNativeTarget section */
		9FB2BC8E2791D05D00125959 /* Empresas */ = {
			isa = PBXNativeTarget;
			buildConfigurationList = 9FB2BCB32791D07D00125959 /* Build configuration list for PBXNativeTarget "Empresas" */;
			buildPhases = (
				9FB2BC8B2791D05D00125959 /* Sources */,
				9FB2BC8C2791D05D00125959 /* Frameworks */,
				9FB2BC8D2791D05D00125959 /* Resources */,
			);
			buildRules = (
			);
			dependencies = (
			);
			name = Empresas;
			productName = Empresas;
			productReference = 9FB2BC8F2791D05D00125959 /* Empresas.app */;
			productType = "com.apple.product-type.application";
		};
		9FB2BC9E2791D07D00125959 /* EmpresasTests */ = {
			isa = PBXNativeTarget;
			buildConfigurationList = 9FB2BCB62791D07D00125959 /* Build configuration list for PBXNativeTarget "EmpresasTests" */;
			buildPhases = (
				9FB2BC9B2791D07D00125959 /* Sources */,
				9FB2BC9C2791D07D00125959 /* Frameworks */,
				9FB2BC9D2791D07D00125959 /* Resources */,
			);
			buildRules = (
			);
			dependencies = (
				9FB2BCA12791D07D00125959 /* PBXTargetDependency */,
			);
			name = EmpresasTests;
			productName = EmpresasTests;
			productReference = 9FB2BC9F2791D07D00125959 /* EmpresasTests.xctest */;
			productType = "com.apple.product-type.bundle.unit-test";
		};
		9FB2BCA82791D07D00125959 /* EmpresasUITests */ = {
			isa = PBXNativeTarget;
			buildConfigurationList = 9FB2BCB92791D07D00125959 /* Build configuration list for PBXNativeTarget "EmpresasUITests" */;
			buildPhases = (
				9FB2BCA52791D07D00125959 /* Sources */,
				9FB2BCA62791D07D00125959 /* Frameworks */,
				9FB2BCA72791D07D00125959 /* Resources */,
			);
			buildRules = (
			);
			dependencies = (
				9FB2BCAB2791D07D00125959 /* PBXTargetDependency */,
			);
			name = EmpresasUITests;
			productName = EmpresasUITests;
			productReference = 9FB2BCA92791D07D00125959 /* EmpresasUITests.xctest */;
			productType = "com.apple.product-type.bundle.ui-testing";
		};
/* End PBXNativeTarget section */

/* Begin PBXProject section */
		9FB2BC872791D05D00125959 /* Project object */ = {
			isa = PBXProject;
			attributes = {
				BuildIndependentTargetsInParallel = 1;
				LastSwiftUpdateCheck = 1300;
				LastUpgradeCheck = 1300;
				TargetAttributes = {
					9FB2BC8E2791D05D00125959 = {
						CreatedOnToolsVersion = 13.0;
					};
					9FB2BC9E2791D07D00125959 = {
						CreatedOnToolsVersion = 13.0;
						TestTargetID = 9FB2BC8E2791D05D00125959;
					};
					9FB2BCA82791D07D00125959 = {
						CreatedOnToolsVersion = 13.0;
						TestTargetID = 9FB2BC8E2791D05D00125959;
					};
				};
			};
			buildConfigurationList = 9FB2BC8A2791D05D00125959 /* Build configuration list for PBXProject "Empresas" */;
			compatibilityVersion = "Xcode 13.0";
			developmentRegion = en;
			hasScannedForEncodings = 0;
			knownRegions = (
				en,
				Base,
			);
			mainGroup = 9FB2BC862791D05D00125959;
			productRefGroup = 9FB2BC902791D05D00125959 /* Products */;
			projectDirPath = "";
			projectRoot = "";
			targets = (
				9FB2BC8E2791D05D00125959 /* Empresas */,
				9FB2BC9E2791D07D00125959 /* EmpresasTests */,
				9FB2BCA82791D07D00125959 /* EmpresasUITests */,
			);
		};
/* End PBXProject section */

/* Begin PBXResourcesBuildPhase section */
		9FB2BC8D2791D05D00125959 /* Resources */ = {
			isa = PBXResourcesBuildPhase;
			buildActionMask = 2147483647;
			files = (
				9FB2BCBD2792018800125959 /* Colors.xcassets in Resources */,
				9FB2BC9A2791D07B00125959 /* Preview Assets.xcassets in Resources */,
				9FB2BC972791D07B00125959 /* Assets.xcassets in Resources */,
			);
			runOnlyForDeploymentPostprocessing = 0;
		};
		9FB2BC9D2791D07D00125959 /* Resources */ = {
			isa = PBXResourcesBuildPhase;
			buildActionMask = 2147483647;
			files = (
			);
			runOnlyForDeploymentPostprocessing = 0;
		};
		9FB2BCA72791D07D00125959 /* Resources */ = {
			isa = PBXResourcesBuildPhase;
			buildActionMask = 2147483647;
			files = (
			);
			runOnlyForDeploymentPostprocessing = 0;
		};
/* End PBXResourcesBuildPhase section */

/* Begin PBXSourcesBuildPhase section */
		9FB2BC8B2791D05D00125959 /* Sources */ = {
			isa = PBXSourcesBuildPhase;
			buildActionMask = 2147483647;
			files = (
				9F3A622D2792F8BF00BA702F /* SessionDetails.swift in Sources */,
				9F3A62322792FD1700BA702F /* HomeView.swift in Sources */,
				9FB2BCD3279232ED00125959 /* LoginButton.swift in Sources */,
				9FB2BCC72792220200125959 /* LoginTitleAndLogo.swift in Sources */,
				9F3A62302792F9F300BA702F /* ScreensEnum.swift in Sources */,
				9FB2BCCA2792235E00125959 /* EmailAndPasswordCard.swift in Sources */,
				9F3A622B2792F3BC00BA702F /* LoginScreenView.swift in Sources */,
				9FB2BCCF279230C800125959 /* LoginScreenViewModel.swift in Sources */,
				9FB2BCD12792326700125959 /* EmailAndPasswordViewModel.swift in Sources */,
				9FB2BCCC2792244000125959 /* LoginTextField.swift in Sources */,
				9FB2BCC52792213400125959 /* SplashScreenBackground.swift in Sources */,
				9FB2BC932791D05D00125959 /* EmpresasApp.swift in Sources */,
				9FB2BCD8279239D800125959 /* LoginSession.swift in Sources */,
				9FB2BCD6279238F500125959 /* LoginInfo.swift in Sources */,
			);
			runOnlyForDeploymentPostprocessing = 0;
		};
		9FB2BC9B2791D07D00125959 /* Sources */ = {
			isa = PBXSourcesBuildPhase;
			buildActionMask = 2147483647;
			files = (
				9FB2BCA42791D07D00125959 /* EmpresasTests.swift in Sources */,
			);
			runOnlyForDeploymentPostprocessing = 0;
		};
		9FB2BCA52791D07D00125959 /* Sources */ = {
			isa = PBXSourcesBuildPhase;
			buildActionMask = 2147483647;
			files = (
				9FB2BCB02791D07D00125959 /* EmpresasUITestsLaunchTests.swift in Sources */,
				9FB2BCAE2791D07D00125959 /* EmpresasUITests.swift in Sources */,
			);
			runOnlyForDeploymentPostprocessing = 0;
		};
/* End PBXSourcesBuildPhase section */

/* Begin PBXTargetDependency section */
		9FB2BCA12791D07D00125959 /* PBXTargetDependency */ = {
			isa = PBXTargetDependency;
			target = 9FB2BC8E2791D05D00125959 /* Empresas */;
			targetProxy = 9FB2BCA02791D07D00125959 /* PBXContainerItemProxy */;
		};
		9FB2BCAB2791D07D00125959 /* PBXTargetDependency */ = {
			isa = PBXTargetDependency;
			target = 9FB2BC8E2791D05D00125959 /* Empresas */;
			targetProxy = 9FB2BCAA2791D07D00125959 /* PBXContainerItemProxy */;
		};
/* End PBXTargetDependency section */

/* Begin XCBuildConfiguration section */
		9FB2BCB12791D07D00125959 /* Debug */ = {
			isa = XCBuildConfiguration;
			buildSettings = {
				ALWAYS_SEARCH_USER_PATHS = NO;
				CLANG_ANALYZER_NONNULL = YES;
				CLANG_ANALYZER_NUMBER_OBJECT_CONVERSION = YES_AGGRESSIVE;
				CLANG_CXX_LANGUAGE_STANDARD = "gnu++17";
				CLANG_CXX_LIBRARY = "libc++";
				CLANG_ENABLE_MODULES = YES;
				CLANG_ENABLE_OBJC_ARC = YES;
				CLANG_ENABLE_OBJC_WEAK = YES;
				CLANG_WARN_BLOCK_CAPTURE_AUTORELEASING = YES;
				CLANG_WARN_BOOL_CONVERSION = YES;
				CLANG_WARN_COMMA = YES;
				CLANG_WARN_CONSTANT_CONVERSION = YES;
				CLANG_WARN_DEPRECATED_OBJC_IMPLEMENTATIONS = YES;
				CLANG_WARN_DIRECT_OBJC_ISA_USAGE = YES_ERROR;
				CLANG_WARN_DOCUMENTATION_COMMENTS = YES;
				CLANG_WARN_EMPTY_BODY = YES;
				CLANG_WARN_ENUM_CONVERSION = YES;
				CLANG_WARN_INFINITE_RECURSION = YES;
				CLANG_WARN_INT_CONVERSION = YES;
				CLANG_WARN_NON_LITERAL_NULL_CONVERSION = YES;
				CLANG_WARN_OBJC_IMPLICIT_RETAIN_SELF = YES;
				CLANG_WARN_OBJC_LITERAL_CONVERSION = YES;
				CLANG_WARN_OBJC_ROOT_CLASS = YES_ERROR;
				CLANG_WARN_QUOTED_INCLUDE_IN_FRAMEWORK_HEADER = YES;
				CLANG_WARN_RANGE_LOOP_ANALYSIS = YES;
				CLANG_WARN_STRICT_PROTOTYPES = YES;
				CLANG_WARN_SUSPICIOUS_MOVE = YES;
				CLANG_WARN_UNGUARDED_AVAILABILITY = YES_AGGRESSIVE;
				CLANG_WARN_UNREACHABLE_CODE = YES;
				CLANG_WARN__DUPLICATE_METHOD_MATCH = YES;
				COPY_PHASE_STRIP = NO;
				DEBUG_INFORMATION_FORMAT = dwarf;
				ENABLE_STRICT_OBJC_MSGSEND = YES;
				ENABLE_TESTABILITY = YES;
				GCC_C_LANGUAGE_STANDARD = gnu11;
				GCC_DYNAMIC_NO_PIC = NO;
				GCC_NO_COMMON_BLOCKS = YES;
				GCC_OPTIMIZATION_LEVEL = 0;
				GCC_PREPROCESSOR_DEFINITIONS = (
					"DEBUG=1",
					"$(inherited)",
				);
				GCC_WARN_64_TO_32_BIT_CONVERSION = YES;
				GCC_WARN_ABOUT_RETURN_TYPE = YES_ERROR;
				GCC_WARN_UNDECLARED_SELECTOR = YES;
				GCC_WARN_UNINITIALIZED_AUTOS = YES_AGGRESSIVE;
				GCC_WARN_UNUSED_FUNCTION = YES;
				GCC_WARN_UNUSED_VARIABLE = YES;
				IPHONEOS_DEPLOYMENT_TARGET = 15.0;
				MTL_ENABLE_DEBUG_INFO = INCLUDE_SOURCE;
				MTL_FAST_MATH = YES;
				ONLY_ACTIVE_ARCH = YES;
				SDKROOT = iphoneos;
				SWIFT_ACTIVE_COMPILATION_CONDITIONS = DEBUG;
				SWIFT_OPTIMIZATION_LEVEL = "-Onone";
			};
			name = Debug;
		};
		9FB2BCB22791D07D00125959 /* Release */ = {
			isa = XCBuildConfiguration;
			buildSettings = {
				ALWAYS_SEARCH_USER_PATHS = NO;
				CLANG_ANALYZER_NONNULL = YES;
				CLANG_ANALYZER_NUMBER_OBJECT_CONVERSION = YES_AGGRESSIVE;
				CLANG_CXX_LANGUAGE_STANDARD = "gnu++17";
				CLANG_CXX_LIBRARY = "libc++";
				CLANG_ENABLE_MODULES = YES;
				CLANG_ENABLE_OBJC_ARC = YES;
				CLANG_ENABLE_OBJC_WEAK = YES;
				CLANG_WARN_BLOCK_CAPTURE_AUTORELEASING = YES;
				CLANG_WARN_BOOL_CONVERSION = YES;
				CLANG_WARN_COMMA = YES;
				CLANG_WARN_CONSTANT_CONVERSION = YES;
				CLANG_WARN_DEPRECATED_OBJC_IMPLEMENTATIONS = YES;
				CLANG_WARN_DIRECT_OBJC_ISA_USAGE = YES_ERROR;
				CLANG_WARN_DOCUMENTATION_COMMENTS = YES;
				CLANG_WARN_EMPTY_BODY = YES;
				CLANG_WARN_ENUM_CONVERSION = YES;
				CLANG_WARN_INFINITE_RECURSION = YES;
				CLANG_WARN_INT_CONVERSION = YES;
				CLANG_WARN_NON_LITERAL_NULL_CONVERSION = YES;
				CLANG_WARN_OBJC_IMPLICIT_RETAIN_SELF = YES;
				CLANG_WARN_OBJC_LITERAL_CONVERSION = YES;
				CLANG_WARN_OBJC_ROOT_CLASS = YES_ERROR;
				CLANG_WARN_QUOTED_INCLUDE_IN_FRAMEWORK_HEADER = YES;
				CLANG_WARN_RANGE_LOOP_ANALYSIS = YES;
				CLANG_WARN_STRICT_PROTOTYPES = YES;
				CLANG_WARN_SUSPICIOUS_MOVE = YES;
				CLANG_WARN_UNGUARDED_AVAILABILITY = YES_AGGRESSIVE;
				CLANG_WARN_UNREACHABLE_CODE = YES;
				CLANG_WARN__DUPLICATE_METHOD_MATCH = YES;
				COPY_PHASE_STRIP = NO;
				DEBUG_INFORMATION_FORMAT = "dwarf-with-dsym";
				ENABLE_NS_ASSERTIONS = NO;
				ENABLE_STRICT_OBJC_MSGSEND = YES;
				GCC_C_LANGUAGE_STANDARD = gnu11;
				GCC_NO_COMMON_BLOCKS = YES;
				GCC_WARN_64_TO_32_BIT_CONVERSION = YES;
				GCC_WARN_ABOUT_RETURN_TYPE = YES_ERROR;
				GCC_WARN_UNDECLARED_SELECTOR = YES;
				GCC_WARN_UNINITIALIZED_AUTOS = YES_AGGRESSIVE;
				GCC_WARN_UNUSED_FUNCTION = YES;
				GCC_WARN_UNUSED_VARIABLE = YES;
				IPHONEOS_DEPLOYMENT_TARGET = 15.0;
				MTL_ENABLE_DEBUG_INFO = NO;
				MTL_FAST_MATH = YES;
				SDKROOT = iphoneos;
				SWIFT_COMPILATION_MODE = wholemodule;
				SWIFT_OPTIMIZATION_LEVEL = "-O";
				VALIDATE_PRODUCT = YES;
			};
			name = Release;
		};
		9FB2BCB42791D07D00125959 /* Debug */ = {
			isa = XCBuildConfiguration;
			buildSettings = {
				ASSETCATALOG_COMPILER_APPICON_NAME = AppIcon;
				ASSETCATALOG_COMPILER_GLOBAL_ACCENT_COLOR_NAME = AccentColor;
				CODE_SIGN_STYLE = Automatic;
				CURRENT_PROJECT_VERSION = 1;
				DEVELOPMENT_ASSET_PATHS = "\"Empresas/Preview Content\"";
				DEVELOPMENT_TEAM = 52DJP63H9U;
				ENABLE_PREVIEWS = YES;
				GENERATE_INFOPLIST_FILE = YES;
				INFOPLIST_KEY_UIApplicationSceneManifest_Generation = YES;
				INFOPLIST_KEY_UIApplicationSupportsIndirectInputEvents = YES;
				INFOPLIST_KEY_UILaunchScreen_Generation = YES;
				INFOPLIST_KEY_UISupportedInterfaceOrientations_iPad = "UIInterfaceOrientationPortrait UIInterfaceOrientationPortraitUpsideDown UIInterfaceOrientationLandscapeLeft UIInterfaceOrientationLandscapeRight";
				INFOPLIST_KEY_UISupportedInterfaceOrientations_iPhone = "UIInterfaceOrientationPortrait UIInterfaceOrientationLandscapeLeft UIInterfaceOrientationLandscapeRight";
				IPHONEOS_DEPLOYMENT_TARGET = 14.0;
				LD_RUNPATH_SEARCH_PATHS = (
					"$(inherited)",
					"@executable_path/Frameworks",
				);
				MARKETING_VERSION = 1.0;
				PRODUCT_BUNDLE_IDENTIFIER = com.gmail.rodrigocav.Empresas;
				PRODUCT_NAME = "$(TARGET_NAME)";
				SWIFT_EMIT_LOC_STRINGS = YES;
				SWIFT_VERSION = 5.0;
				TARGETED_DEVICE_FAMILY = "1,2";
			};
			name = Debug;
		};
		9FB2BCB52791D07D00125959 /* Release */ = {
			isa = XCBuildConfiguration;
			buildSettings = {
				ASSETCATALOG_COMPILER_APPICON_NAME = AppIcon;
				ASSETCATALOG_COMPILER_GLOBAL_ACCENT_COLOR_NAME = AccentColor;
				CODE_SIGN_STYLE = Automatic;
				CURRENT_PROJECT_VERSION = 1;
				DEVELOPMENT_ASSET_PATHS = "\"Empresas/Preview Content\"";
				DEVELOPMENT_TEAM = 52DJP63H9U;
				ENABLE_PREVIEWS = YES;
				GENERATE_INFOPLIST_FILE = YES;
				INFOPLIST_KEY_UIApplicationSceneManifest_Generation = YES;
				INFOPLIST_KEY_UIApplicationSupportsIndirectInputEvents = YES;
				INFOPLIST_KEY_UILaunchScreen_Generation = YES;
				INFOPLIST_KEY_UISupportedInterfaceOrientations_iPad = "UIInterfaceOrientationPortrait UIInterfaceOrientationPortraitUpsideDown UIInterfaceOrientationLandscapeLeft UIInterfaceOrientationLandscapeRight";
				INFOPLIST_KEY_UISupportedInterfaceOrientations_iPhone = "UIInterfaceOrientationPortrait UIInterfaceOrientationLandscapeLeft UIInterfaceOrientationLandscapeRight";
				IPHONEOS_DEPLOYMENT_TARGET = 14.0;
				LD_RUNPATH_SEARCH_PATHS = (
					"$(inherited)",
					"@executable_path/Frameworks",
				);
				MARKETING_VERSION = 1.0;
				PRODUCT_BUNDLE_IDENTIFIER = com.gmail.rodrigocav.Empresas;
				PRODUCT_NAME = "$(TARGET_NAME)";
				SWIFT_EMIT_LOC_STRINGS = YES;
				SWIFT_VERSION = 5.0;
				TARGETED_DEVICE_FAMILY = "1,2";
			};
			name = Release;
		};
		9FB2BCB72791D07D00125959 /* Debug */ = {
			isa = XCBuildConfiguration;
			buildSettings = {
				ALWAYS_EMBED_SWIFT_STANDARD_LIBRARIES = YES;
				BUNDLE_LOADER = "$(TEST_HOST)";
				CODE_SIGN_STYLE = Automatic;
				CURRENT_PROJECT_VERSION = 1;
				DEVELOPMENT_TEAM = 52DJP63H9U;
				GENERATE_INFOPLIST_FILE = YES;
				IPHONEOS_DEPLOYMENT_TARGET = 14.0;
				LD_RUNPATH_SEARCH_PATHS = (
					"$(inherited)",
					"@executable_path/Frameworks",
					"@loader_path/Frameworks",
				);
				MARKETING_VERSION = 1.0;
				PRODUCT_BUNDLE_IDENTIFIER = com.gmail.rodrigocav.EmpresasTests;
				PRODUCT_NAME = "$(TARGET_NAME)";
				SWIFT_EMIT_LOC_STRINGS = NO;
				SWIFT_VERSION = 5.0;
				TARGETED_DEVICE_FAMILY = "1,2";
				TEST_HOST = "$(BUILT_PRODUCTS_DIR)/Empresas.app/Empresas";
			};
			name = Debug;
		};
		9FB2BCB82791D07D00125959 /* Release */ = {
			isa = XCBuildConfiguration;
			buildSettings = {
				ALWAYS_EMBED_SWIFT_STANDARD_LIBRARIES = YES;
				BUNDLE_LOADER = "$(TEST_HOST)";
				CODE_SIGN_STYLE = Automatic;
				CURRENT_PROJECT_VERSION = 1;
				DEVELOPMENT_TEAM = 52DJP63H9U;
				GENERATE_INFOPLIST_FILE = YES;
				IPHONEOS_DEPLOYMENT_TARGET = 14.0;
				LD_RUNPATH_SEARCH_PATHS = (
					"$(inherited)",
					"@executable_path/Frameworks",
					"@loader_path/Frameworks",
				);
				MARKETING_VERSION = 1.0;
				PRODUCT_BUNDLE_IDENTIFIER = com.gmail.rodrigocav.EmpresasTests;
				PRODUCT_NAME = "$(TARGET_NAME)";
				SWIFT_EMIT_LOC_STRINGS = NO;
				SWIFT_VERSION = 5.0;
				TARGETED_DEVICE_FAMILY = "1,2";
				TEST_HOST = "$(BUILT_PRODUCTS_DIR)/Empresas.app/Empresas";
			};
			name = Release;
		};
		9FB2BCBA2791D07D00125959 /* Debug */ = {
			isa = XCBuildConfiguration;
			buildSettings = {
				ALWAYS_EMBED_SWIFT_STANDARD_LIBRARIES = YES;
				CODE_SIGN_STYLE = Automatic;
				CURRENT_PROJECT_VERSION = 1;
				DEVELOPMENT_TEAM = 52DJP63H9U;
				GENERATE_INFOPLIST_FILE = YES;
				LD_RUNPATH_SEARCH_PATHS = (
					"$(inherited)",
					"@executable_path/Frameworks",
					"@loader_path/Frameworks",
				);
				MARKETING_VERSION = 1.0;
				PRODUCT_BUNDLE_IDENTIFIER = com.gmail.rodrigocav.EmpresasUITests;
				PRODUCT_NAME = "$(TARGET_NAME)";
				SWIFT_EMIT_LOC_STRINGS = NO;
				SWIFT_VERSION = 5.0;
				TARGETED_DEVICE_FAMILY = "1,2";
				TEST_TARGET_NAME = Empresas;
			};
			name = Debug;
		};
		9FB2BCBB2791D07D00125959 /* Release */ = {
			isa = XCBuildConfiguration;
			buildSettings = {
				ALWAYS_EMBED_SWIFT_STANDARD_LIBRARIES = YES;
				CODE_SIGN_STYLE = Automatic;
				CURRENT_PROJECT_VERSION = 1;
				DEVELOPMENT_TEAM = 52DJP63H9U;
				GENERATE_INFOPLIST_FILE = YES;
				LD_RUNPATH_SEARCH_PATHS = (
					"$(inherited)",
					"@executable_path/Frameworks",
					"@loader_path/Frameworks",
				);
				MARKETING_VERSION = 1.0;
				PRODUCT_BUNDLE_IDENTIFIER = com.gmail.rodrigocav.EmpresasUITests;
				PRODUCT_NAME = "$(TARGET_NAME)";
				SWIFT_EMIT_LOC_STRINGS = NO;
				SWIFT_VERSION = 5.0;
				TARGETED_DEVICE_FAMILY = "1,2";
				TEST_TARGET_NAME = Empresas;
			};
			name = Release;
		};
/* End XCBuildConfiguration section */

/* Begin XCConfigurationList section */
		9FB2BC8A2791D05D00125959 /* Build configuration list for PBXProject "Empresas" */ = {
			isa = XCConfigurationList;
			buildConfigurations = (
				9FB2BCB12791D07D00125959 /* Debug */,
				9FB2BCB22791D07D00125959 /* Release */,
			);
			defaultConfigurationIsVisible = 0;
			defaultConfigurationName = Release;
		};
		9FB2BCB32791D07D00125959 /* Build configuration list for PBXNativeTarget "Empresas" */ = {
			isa = XCConfigurationList;
			buildConfigurations = (
				9FB2BCB42791D07D00125959 /* Debug */,
				9FB2BCB52791D07D00125959 /* Release */,
			);
			defaultConfigurationIsVisible = 0;
			defaultConfigurationName = Release;
		};
		9FB2BCB62791D07D00125959 /* Build configuration list for PBXNativeTarget "EmpresasTests" */ = {
			isa = XCConfigurationList;
			buildConfigurations = (
				9FB2BCB72791D07D00125959 /* Debug */,
				9FB2BCB82791D07D00125959 /* Release */,
			);
			defaultConfigurationIsVisible = 0;
			defaultConfigurationName = Release;
		};
		9FB2BCB92791D07D00125959 /* Build configuration list for PBXNativeTarget "EmpresasUITests" */ = {
			isa = XCConfigurationList;
			buildConfigurations = (
				9FB2BCBA2791D07D00125959 /* Debug */,
				9FB2BCBB2791D07D00125959 /* Release */,
			);
			defaultConfigurationIsVisible = 0;
			defaultConfigurationName = Release;
		};
/* End XCConfigurationList section */
	};
	rootObject = 9FB2BC872791D05D00125959 /* Project object */;
}
